
Microsoft Visual Studio Solution File, Format Version 12.00
# Visual Studio Version 17
VisualStudioVersion = 17.4.33122.133
MinimumVisualStudioVersion = 10.0.40219.1
Project("{FAE04EC0-301F-11D3-BF4B-00C04F79EFBC}") = "WpfProjekt", "WpfProjekt\WpfProjekt.csproj", "{6EDB42BE-4551-4D2A-9A28-0A5230CD48CB}"
EndProject
Global
	GlobalSection(SolutionConfigurationPlatforms) = preSolution
		Debug|Any CPU = Debug|Any CPU
		Release|Any CPU = Release|Any CPU
	EndGlobalSection
	GlobalSection(ProjectConfigurationPlatforms) = postSolution
		{6EDB42BE-4551-4D2A-9A28-0A5230CD48CB}.Debug|Any CPU.ActiveCfg = Debug|Any CPU
		{6EDB42BE-4551-4D2A-9A28-0A5230CD48CB}.Debug|Any CPU.Build.0 = Debug|Any CPU
		{6EDB42BE-4551-4D2A-9A28-0A5230CD48CB}.Release|Any CPU.ActiveCfg = Release|Any CPU
		{6EDB42BE-4551-4D2A-9A28-0A5230CD48CB}.Release|Any CPU.Build.0 = Release|Any CPU
	EndGlobalSection
	GlobalSection(SolutionProperties) = preSolution
		HideSolutionNode = FALSE
	EndGlobalSection
	GlobalSection(ExtensibilityGlobals) = postSolution
		SolutionGuid = {FFFE9D1F-E987-418B-940F-EE5B6D257ED4}
	EndGlobalSection
EndGlobal
